dependencies:
- name: reloader
  repository: https://stakater.github.io/stakater-charts
  version: 2.2.16
- name: velero
  repository: https://vmware-tanzu.github.io/helm-charts
  version: 12.1.0
- name: velero-ui
  repository: https://helm.otwld.com/
  version: 0.15.0
- name: descheduler
  repository: https://kubernetes-sigs.github.io/descheduler/
  version: 0.36.0
- name: glacier
  repository: oci://ghcr.io/ilvar/charts
  version: 0.3.0
digest: sha256:d65261e88f22b0355c92a291c95ea36f259e4287eb513033c37e7ed72f4f63da
generated: "2026-09-06T16:09:48.486356208+01:00"
