dependencies:
- name: reloader
  repository: https://stakater.github.io/stakater-charts
  version: 2.2.16
- name: velero
  repository: https://vmware-tanzu.github.io/helm-charts
  version: 12.1.0
- name: velero-ui
  repository: https://helm.otwld.com/
  version: 0.16.0
- name: descheduler
  repository: https://kubernetes-sigs.github.io/descheduler/
  version: 0.36.0
- name: glacier
  repository: oci://ghcr.io/ilvar/charts
  version: 0.3.0
digest: sha256:14b680cb35b694d52ee1f28a31f734d23adb0515ec9380d68cb2b8afb93a75aa
generated: "2026-09-18T17:23:15.445238798Z"
