dependencies:
- name: reloader
  repository: https://stakater.github.io/stakater-charts
  version: 2.2.17
- name: velero
  repository: https://vmware-tanzu.github.io/helm-charts
  version: 12.1.0
- name: velero-ui
  repository: https://helm.otwld.com/
  version: 0.15.0
- name: descheduler
  repository: https://kubernetes-sigs.github.io/descheduler/
  version: 0.36.0
- name: glacier
  repository: oci://ghcr.io/ilvar/charts
  version: 0.3.0
digest: sha256:52c042463787bed888ef40c9c2bcc0ba0eedad4e3b0eba80273e4aa07feb8449
generated: "2026-09-18T17:22:27.93449895Z"
